PODS:
  - Alamofire (5.1.0)
  - AlamofireImage (4.1.0):
    - Alamofire (~> 5.1)
  - Firebase/CoreOnly (6.23.0):
    - FirebaseCore (= 6.6.7)
  - Firebase/Storage (6.23.0):
    - Firebase/CoreOnly
    - FirebaseStorage (~> 3.6.1)
  - FirebaseAuthInterop (1.1.0)
  - FirebaseCore (6.6.7):
    - FirebaseCoreDiagnostics (~> 1.2)
    - FirebaseCoreDiagnosticsInterop (~> 1.2)
    - GoogleUtilities/Environment (~> 6.5)
    - GoogleUtilities/Logger (~> 6.5)
  - FirebaseCoreDiagnostics (1.2.4):
    - FirebaseCoreDiagnosticsInterop (~> 1.2)
    - GoogleDataTransportCCTSupport (~> 3.0)
    - GoogleUtilities/Environment (~> 6.5)
    - GoogleUtilities/Logger (~> 6.5)
    - nanopb (~> 0.3.901)
  - FirebaseCoreDiagnosticsInterop (1.2.0)
  - FirebaseStorage (3.6.1):
    - FirebaseAuthInterop (~> 1.1)
    - FirebaseCore (~> 6.6)
    - GTMSessionFetcher/Core (~> 1.1)
  - GoogleDataTransport (6.0.0)
  - GoogleDataTransportCCTSupport (3.0.0):
    - GoogleDataTransport (~> 6.0)
    - nanopb (~> 0.3.901)
  - GoogleUtilities/Environment (6.6.0):
    - PromisesObjC (~> 1.2)
  - GoogleUtilities/Logger (6.6.0):
    - GoogleUtilities/Environment
  - GTMSessionFetcher/Core (1.3.1)
  - ImageStore (0.6.0):
    - Firebase/Storage (~> 6.0)
  - nanopb (0.3.9011):
    - nanopb/decode (= 0.3.9011)
    - nanopb/encode (= 0.3.9011)
  - nanopb/decode (0.3.9011)
  - nanopb/encode (0.3.9011)
  - PromisesObjC (1.2.8)
  - SendBirdCalls (1.0.4):
    - SendBirdWebRTC
  - SendBirdSDK (3.0.179)
  - SendBirdSyncManager (1.1.21):
    - SendBirdSDK (~> 3.0.156)
  - SendBirdWebRTC (1.1.1)

DEPENDENCIES:
  - AlamofireImage
  - ImageStore
  - SendBirdCalls
  - SendBirdSyncManager

SPEC REPOS:
  trunk:
    - Alamofire
    - AlamofireImage
    - Firebase
    - FirebaseAuthInterop
    - FirebaseCore
    - FirebaseCoreDiagnostics
    - FirebaseCoreDiagnosticsInterop
    - FirebaseStorage
    - GoogleDataTransport
    - GoogleDataTransportCCTSupport
    - GoogleUtilities
    - GTMSessionFetcher
    - ImageStore
    - nanopb
    - PromisesObjC
    - SendBirdCalls
    - SendBirdSDK
    - SendBirdSyncManager
    - SendBirdWebRTC

SPEC CHECKSUMS:
  Alamofire: 9d5c5f602928e512395b30950c5984eca840093c
  AlamofireImage: c4a2ba349885fb3064feb74d2e547bd42ce9be10
  Firebase: 585ae467b3edda6a5444e788fda6888f024d8d6f
  FirebaseAuthInterop: a0f37ae05833af156e72028f648d313f7e7592e9
  FirebaseCore: a2788a0d5f6c1dff17b8f79b4a73654a8d4bfdbd
  FirebaseCoreDiagnostics: b59c024493a409f8aecba02c99928d0d8431d159
  FirebaseCoreDiagnosticsInterop: 296e2c5f5314500a850ad0b83e9e7c10b011a850
  FirebaseStorage: f4f39ae834a7145963b913f54e2f24a9db1d8fac
  GoogleDataTransport: 061fe7d9b476710e3cd8ea51e8e07d8b67c2b420
  GoogleDataTransportCCTSupport: 0f39025e8cf51f168711bd3fb773938d7e62ddb5
  GoogleUtilities: 39530bc0ad980530298e9c4af8549e991fd033b1
  GTMSessionFetcher: cea130bbfe5a7edc8d06d3f0d17288c32ffe9925
  ImageStore: b5f6ac827f5c097172596de9bc0b4e03ce59bfa9
  nanopb: 18003b5e52dab79db540fe93fe9579f399bd1ccd
  PromisesObjC: c119f3cd559f50b7ae681fa59dc1acd19173b7e6
  SendBirdCalls: e64131ffe3f8e3f3b9f65ff3ead707c6ef45a9eb
  SendBirdSDK: c16c053159760122a553e40ffe7c6d7c4cda368b
  SendBirdSyncManager: ff127bcf32cc6acff92331936dd9668da383f4a2
  SendBirdWebRTC: bc541d01a10819a6d1b3e52790a54121cb7dd687

PODFILE CHECKSUM: 36eeb142ba1d282cb930bd16d313393531970eed

COCOAPODS: 1.9.1
