PODS:
  - Alamofire (4.9.1)
  - AlamofireImage (3.6.0):
    - Alamofire (~> 4.9)
  - Firebase/CoreOnly (6.20.0):
    - FirebaseCore (= 6.6.4)
  - Firebase/Storage (6.20.0):
    - Firebase/CoreOnly
    - FirebaseStorage (~> 3.6.0)
  - FirebaseAuthInterop (1.1.0)
  - FirebaseCore (6.6.4):
    - FirebaseCoreDiagnostics (~> 1.2)
    - FirebaseCoreDiagnosticsInterop (~> 1.2)
    - GoogleUtilities/Environment (~> 6.5)
    - GoogleUtilities/Logger (~> 6.5)
  - FirebaseCoreDiagnostics (1.2.2):
    - FirebaseCoreDiagnosticsInterop (~> 1.2)
    - GoogleDataTransportCCTSupport (~> 2.0)
    - GoogleUtilities/Environment (~> 6.5)
    - GoogleUtilities/Logger (~> 6.5)
    - nanopb (~> 0.3.901)
  - FirebaseCoreDiagnosticsInterop (1.2.0)
  - FirebaseStorage (3.6.0):
    - FirebaseAuthInterop (~> 1.1)
    - FirebaseCore (~> 6.6)
    - GTMSessionFetcher/Core (~> 1.1)
  - GoogleDataTransport (5.0.0)
  - GoogleDataTransportCCTSupport (2.0.0):
    - GoogleDataTransport (~> 5.0)
    - nanopb (~> 0.3.901)
  - GoogleUtilities/Environment (6.5.2)
  - GoogleUtilities/Logger (6.5.2):
    - GoogleUtilities/Environment
  - GTMSessionFetcher/Core (1.3.1)
  - ImageStore (0.6.0):
    - Firebase/Storage (~> 6.0)
  - nanopb (0.3.9011):
    - nanopb/decode (= 0.3.9011)
    - nanopb/encode (= 0.3.9011)
  - nanopb/decode (0.3.9011)
  - nanopb/encode (0.3.9011)
  - SendBirdCalls (1.0.1):
    - SendBirdWebRTC
  - SendBirdSDK (3.0.167)
  - SendBirdSyncManager (1.1.17):
    - SendBirdSDK (~> 3.0.156)
  - SendBirdWebRTC (1.1.1)

DEPENDENCIES:
  - AlamofireImage
  - ImageStore
  - SendBirdCalls
  - SendBirdSyncManager

SPEC REPOS:
  https://github.com/CocoaPods/Specs.git:
    - Alamofire
    - AlamofireImage
    - SendBirdSDK
    - SendBirdSyncManager
  trunk:
    - Firebase
    - FirebaseAuthInterop
    - FirebaseCore
    - FirebaseCoreDiagnostics
    - FirebaseCoreDiagnosticsInterop
    - FirebaseStorage
    - GoogleDataTransport
    - GoogleDataTransportCCTSupport
    - GoogleUtilities
    - GTMSessionFetcher
    - ImageStore
    - nanopb
    - SendBirdCalls
    - SendBirdWebRTC

SPEC CHECKSUMS:
  Alamofire: 85e8a02c69d6020a0d734f6054870d7ecb75cf18
  AlamofireImage: be9963c6582d68b39e89191f64c82a7d7bf40fdd
  Firebase: fe7f74012742ab403451dd283e6909b8f1fb348a
  FirebaseAuthInterop: a0f37ae05833af156e72028f648d313f7e7592e9
  FirebaseCore: ed0a24c758a57c2b88c5efa8e6a8195e868af589
  FirebaseCoreDiagnostics: e9b4cd8ba60dee0f2d13347332e4b7898cca5b61
  FirebaseCoreDiagnosticsInterop: 296e2c5f5314500a850ad0b83e9e7c10b011a850
  FirebaseStorage: b43ee271294227e1a3225544b073f3b49b427f46
  GoogleDataTransport: a857c6a002d201b524dd4bc2ed7e7355ed07e785
  GoogleDataTransportCCTSupport: 32f75fbe904c82772fcbb6b6bd4525bfb6f2a862
  GoogleUtilities: ad0f3b691c67909d03a3327cc205222ab8f42e0e
  GTMSessionFetcher: cea130bbfe5a7edc8d06d3f0d17288c32ffe9925
  ImageStore: b5f6ac827f5c097172596de9bc0b4e03ce59bfa9
  nanopb: 18003b5e52dab79db540fe93fe9579f399bd1ccd
  SendBirdCalls: 0aa4ba24e68f8b4a21a0238cccb0c5bc91da5fbe
  SendBirdSDK: cac87759da8d0634148ada7a289206b8de187bbb
  SendBirdSyncManager: d8083e9c5fb48ac57e59e01ce9548d481134fdf6
  SendBirdWebRTC: bc541d01a10819a6d1b3e52790a54121cb7dd687

PODFILE CHECKSUM: 36eeb142ba1d282cb930bd16d313393531970eed

COCOAPODS: 1.9.1
