// !$*UTF8*$!
{
	archiveVersion = 1;
	classes = {
	};
	objectVersion = 51;
	objects = {

/* Begin PBXBuildFile section */
		15AEBA42241FC8BF00241E4B /* AppDelegate.swift in Sources */ = {isa = PBXBuildFile; fileRef = 15AEBA41241FC8BF00241E4B /* AppDelegate.swift */; };
		15AEBA44241FC8BF00241E4B /* SceneDelegate.swift in Sources */ = {isa = PBXBuildFile; fileRef = 15AEBA43241FC8BF00241E4B /* SceneDelegate.swift */; };
		15AEBA46241FC8BF00241E4B /* MainView.swift in Sources */ = {isa = PBXBuildFile; fileRef = 15AEBA45241FC8BF00241E4B /* MainView.swift */; };
		15AEBA48241FC8C300241E4B /* Assets.xcassets in Resources */ = {isa = PBXBuildFile; fileRef = 15AEBA47241FC8C300241E4B /* Assets.xcassets */; };
		15AEBA4B241FC8C300241E4B /* Preview Assets.xcassets in Resources */ = {isa = PBXBuildFile; fileRef = 15AEBA4A241FC8C300241E4B /* Preview Assets.xcassets */; };
		15AEBA4E241FC8C300241E4B /* LaunchScreen.storyboard in Resources */ = {isa = PBXBuildFile; fileRef = 15AEBA4C241FC8C300241E4B /* LaunchScreen.storyboard */; };
		15AEBA59241FC8C300241E4B /* SolEng_iOS_DemoTests.swift in Sources */ = {isa = PBXBuildFile; fileRef = 15AEBA58241FC8C300241E4B /* SolEng_iOS_DemoTests.swift */; };
		15AEBA64241FC8C300241E4B /* SolEng_iOS_DemoUITests.swift in Sources */ = {isa = PBXBuildFile; fileRef = 15AEBA63241FC8C300241E4B /* SolEng_iOS_DemoUITests.swift */; };
		3303C17E24284F7600C2EC7D /* LoginView.swift in Sources */ = {isa = PBXBuildFile; fileRef = 3303C17D24284F7600C2EC7D /* LoginView.swift */; };
		3303C1802428576100C2EC7D /* AdaptsToKeyboard.swift in Sources */ = {isa = PBXBuildFile; fileRef = 3303C17F2428576100C2EC7D /* AdaptsToKeyboard.swift */; };
		3303C1842428884900C2EC7D /* RootView.swift in Sources */ = {isa = PBXBuildFile; fileRef = 3303C1832428884900C2EC7D /* RootView.swift */; };
		3303C1892428B7D700C2EC7D /* MainViewListItem.swift in Sources */ = {isa = PBXBuildFile; fileRef = 3303C1882428B7D700C2EC7D /* MainViewListItem.swift */; };
		331A3A082448AC27003EFC23 /* ViewRouter.swift in Sources */ = {isa = PBXBuildFile; fileRef = 331A3A072448AC27003EFC23 /* ViewRouter.swift */; };
		331A3A0C2448B1E7003EFC23 /* ChatItemRow.swift in Sources */ = {isa = PBXBuildFile; fileRef = 331A3A0B2448B1E7003EFC23 /* ChatItemRow.swift */; };
		331A3A0E2448B215003EFC23 /* ChatModel.swift in Sources */ = {isa = PBXBuildFile; fileRef = 331A3A0D2448B215003EFC23 /* ChatModel.swift */; };
		331A3A102448B226003EFC23 /* ChatViewModel.swift in Sources */ = {isa = PBXBuildFile; fileRef = 331A3A0F2448B226003EFC23 /* ChatViewModel.swift */; };
		33510C2B2429C21600E6874E /* MainViewListItemRow.swift in Sources */ = {isa = PBXBuildFile; fileRef = 33510C2A2429C21600E6874E /* MainViewListItemRow.swift */; };
		33510C32242AEBFF00E6874E /* SBManager.swift in Sources */ = {isa = PBXBuildFile; fileRef = 33510C31242AEBFF00E6874E /* SBManager.swift */; };
		33510C34242DB12900E6874E /* GroupChannelSyncListItemRow.swift in Sources */ = {isa = PBXBuildFile; fileRef = 33510C33242DB12900E6874E /* GroupChannelSyncListItemRow.swift */; };
		33510C372433215600E6874E /* ChatUIView.swift in Sources */ = {isa = PBXBuildFile; fileRef = 33510C362433215600E6874E /* ChatUIView.swift */; };
		33510C39243321A600E6874E /* GroupChannelSyncModel.swift in Sources */ = {isa = PBXBuildFile; fileRef = 33510C38243321A600E6874E /* GroupChannelSyncModel.swift */; };
		33510C3C243428A900E6874E /* UserUIView.swift in Sources */ = {isa = PBXBuildFile; fileRef = 33510C3B243428A900E6874E /* UserUIView.swift */; };
		33510C40243428D100E6874E /* UserListItemRow.swift in Sources */ = {isa = PBXBuildFile; fileRef = 33510C3F243428D100E6874E /* UserListItemRow.swift */; };
		33510C422434C95A00E6874E /* UserModel.swift in Sources */ = {isa = PBXBuildFile; fileRef = 33510C412434C95A00E6874E /* UserModel.swift */; };
		33510C442434C96700E6874E /* UserViewModel.swift in Sources */ = {isa = PBXBuildFile; fileRef = 33510C432434C96700E6874E /* UserViewModel.swift */; };
		33510C49243C1F7700E6874E /* GroupChannelSyncList.swift in Sources */ = {isa = PBXBuildFile; fileRef = 33510C48243C1F7700E6874E /* GroupChannelSyncList.swift */; };
		33510C4B243C1F8B00E6874E /* GroupChannelSyncViewModel.swift in Sources */ = {isa = PBXBuildFile; fileRef = 33510C4A243C1F8B00E6874E /* GroupChannelSyncViewModel.swift */; };
		33510C4D243C214300E6874E /* OpenChannelList.swift in Sources */ = {isa = PBXBuildFile; fileRef = 33510C4C243C214300E6874E /* OpenChannelList.swift */; };
		33510C4F243C217E00E6874E /* OpenChannelListItemRow.swift in Sources */ = {isa = PBXBuildFile; fileRef = 33510C4E243C217E00E6874E /* OpenChannelListItemRow.swift */; };
		33510C51243C24AC00E6874E /* OpenChannelModel.swift in Sources */ = {isa = PBXBuildFile; fileRef = 33510C50243C24AC00E6874E /* OpenChannelModel.swift */; };
		33510C53243C24D200E6874E /* OpenChannelViewModel.swift in Sources */ = {isa = PBXBuildFile; fileRef = 33510C52243C24D200E6874E /* OpenChannelViewModel.swift */; };
		33510C88243ECAFC00E6874E /* GroupChannelListItemRow.swift in Sources */ = {isa = PBXBuildFile; fileRef = 33510C87243ECAFC00E6874E /* GroupChannelListItemRow.swift */; };
		33510C8A243ECB5400E6874E /* GroupChannelList.swift in Sources */ = {isa = PBXBuildFile; fileRef = 33510C89243ECB5400E6874E /* GroupChannelList.swift */; };
		33510C8C243ECB6F00E6874E /* GroupChannelModel.swift in Sources */ = {isa = PBXBuildFile; fileRef = 33510C8B243ECB6F00E6874E /* GroupChannelModel.swift */; };
		33510C8E243ECB8500E6874E /* GroupChannelViewModel.swift in Sources */ = {isa = PBXBuildFile; fileRef = 33510C8D243ECB8500E6874E /* GroupChannelViewModel.swift */; };
		33510C92244402E900E6874E /* Appdelegate+CXProviderDelegate.swift in Sources */ = {isa = PBXBuildFile; fileRef = 33510C91244402E900E6874E /* Appdelegate+CXProviderDelegate.swift */; };
		33510C942444032D00E6874E /* AppDelegate+SendBirdCallsDelegates.swift in Sources */ = {isa = PBXBuildFile; fileRef = 33510C932444032D00E6874E /* AppDelegate+SendBirdCallsDelegates.swift */; };
		33510C97244403BC00E6874E /* CXProvider.swift in Sources */ = {isa = PBXBuildFile; fileRef = 33510C96244403BC00E6874E /* CXProvider.swift */; };
		33510C99244403EE00E6874E /* CXCallControllerManager.swift in Sources */ = {isa = PBXBuildFile; fileRef = 33510C98244403EE00E6874E /* CXCallControllerManager.swift */; };
		33510C9B2444049C00E6874E /* AppDelegate+PKPushRegistryDelegate.swift in Sources */ = {isa = PBXBuildFile; fileRef = 33510C9A2444049C00E6874E /* AppDelegate+PKPushRegistryDelegate.swift */; };
		33510C9E24443CB500E6874E /* UserDefaults+SolEng.swift in Sources */ = {isa = PBXBuildFile; fileRef = 33510C9D24443CB500E6874E /* UserDefaults+SolEng.swift */; };
		33510CA02444609000E6874E /* Data+Extension.swift in Sources */ = {isa = PBXBuildFile; fileRef = 33510C9F2444609000E6874E /* Data+Extension.swift */; };
		33510CA32444664900E6874E /* VoiceCallUIView.swift in Sources */ = {isa = PBXBuildFile; fileRef = 33510CA22444664900E6874E /* VoiceCallUIView.swift */; };
		33510CA52444665D00E6874E /* VideoCallUIView.swift in Sources */ = {isa = PBXBuildFile; fileRef = 33510CA42444665D00E6874E /* VideoCallUIView.swift */; };
		33510CA72444667100E6874E /* DirectCallDataSource.swift in Sources */ = {isa = PBXBuildFile; fileRef = 33510CA62444667100E6874E /* DirectCallDataSource.swift */; };
		33510CA9244467F400E6874E /* VoiceCallViewModel.swift in Sources */ = {isa = PBXBuildFile; fileRef = 33510CA8244467F400E6874E /* VoiceCallViewModel.swift */; };
		33510CAB2444680300E6874E /* VideoCallViewModel.swift in Sources */ = {isa = PBXBuildFile; fileRef = 33510CAA2444680300E6874E /* VideoCallViewModel.swift */; };
		33510CAD2445976700E6874E /* VoiceCallModel.swift in Sources */ = {isa = PBXBuildFile; fileRef = 33510CAC2445976700E6874E /* VoiceCallModel.swift */; };
		33510CAF24459B5300E6874E /* VideoCallModel.swift in Sources */ = {isa = PBXBuildFile; fileRef = 33510CAE24459B5300E6874E /* VideoCallModel.swift */; };
		338F61AA244D7A1500A50E05 /* SendMessageView.swift in Sources */ = {isa = PBXBuildFile; fileRef = 338F61A9244D7A1500A50E05 /* SendMessageView.swift */; };
		338F61AD244DD25100A50E05 /* CustomScrollView.swift in Sources */ = {isa = PBXBuildFile; fileRef = 338F61AC244DD25100A50E05 /* CustomScrollView.swift */; };
		338F61AF244DD53F00A50E05 /* SBManager+Modeling.swift in Sources */ = {isa = PBXBuildFile; fileRef = 338F61AE244DD53F00A50E05 /* SBManager+Modeling.swift */; };
		338F61B1244ECAB100A50E05 /* AvatarView.swift in Sources */ = {isa = PBXBuildFile; fileRef = 338F61B0244ECAB100A50E05 /* AvatarView.swift */; };
		338F61B4244ECEEA00A50E05 /* ImageLoader.swift in Sources */ = {isa = PBXBuildFile; fileRef = 338F61B3244ECEEA00A50E05 /* ImageLoader.swift */; };
		338F61B8244F390300A50E05 /* ReceiveMessageView.swift in Sources */ = {isa = PBXBuildFile; fileRef = 338F61B7244F390300A50E05 /* ReceiveMessageView.swift */; };
		338F61BA244F396A00A50E05 /* AdminMessageView.swift in Sources */ = {isa = PBXBuildFile; fileRef = 338F61B9244F396A00A50E05 /* AdminMessageView.swift */; };
		338F61BC245699A000A50E05 /* UserNotiRegister.swift in Sources */ = {isa = PBXBuildFile; fileRef = 338F61BB245699A000A50E05 /* UserNotiRegister.swift */; };
		33D73BA72457D84D0030077A /* SBManager+Call.swift in Sources */ = {isa = PBXBuildFile; fileRef = 33D73BA62457D84D0030077A /* SBManager+Call.swift */; };
		33D73BA9246033C00030077A /* VideoView.swift in Sources */ = {isa = PBXBuildFile; fileRef = 33D73BA8246033C00030077A /* VideoView.swift */; };
		33D73BAB2463E2F70030077A /* Notification+extension.swift in Sources */ = {isa = PBXBuildFile; fileRef = 33D73BAA2463E2F70030077A /* Notification+extension.swift */; };
		58C043B5F96A7D0A5E2D5F71 /* Pods_SolEng_iOS_DemoUITests.framework in Frameworks */ = {isa = PBXBuildFile; fileRef = BCE7CE4BEC4AF4280A09F1D3 /* Pods_SolEng_iOS_DemoUITests.framework */; };
		963003946B48B88B45510B2D /* Pods_SolEng_iOS_Demo.framework in Frameworks */ = {isa = PBXBuildFile; fileRef = D8D0C4E57210FD0A25C483DB /* Pods_SolEng_iOS_Demo.framework */; };
		B8841BE1A973A78C25E8F75B /* Pods_SolEng_iOS_DemoTests.framework in Frameworks */ = {isa = PBXBuildFile; fileRef = 91923C16FE34C0AE121E4C5C /* Pods_SolEng_iOS_DemoTests.framework */; };
/* End PBXBuildFile section */

/* Begin PBXContainerItemProxy section */
		15AEBA55241FC8C300241E4B /* PBXContainerItemProxy */ = {
			isa = PBXContainerItemProxy;
			containerPortal = 15AEBA36241FC8BF00241E4B /* Project object */;
			proxyType = 1;
			remoteGlobalIDString = 15AEBA3D241FC8BF00241E4B;
			remoteInfo = SolEng_iOS_Demo;
		};
		15AEBA60241FC8C300241E4B /* PBXContainerItemProxy */ = {
			isa = PBXContainerItemProxy;
			containerPortal = 15AEBA36241FC8BF00241E4B /* Project object */;
			proxyType = 1;
			remoteGlobalIDString = 15AEBA3D241FC8BF00241E4B;
			remoteInfo = SolEng_iOS_Demo;
		};
/* End PBXContainerItemProxy section */

/* Begin PBXFileReference section */
		15AEBA3E241FC8BF00241E4B /* SolEng_iOS_Demo.app */ = {isa = PBXFileReference; explicitFileType = wrapper.application; includeInIndex = 0; path = SolEng_iOS_Demo.app; sourceTree = BUILT_PRODUCTS_DIR; };
		15AEBA41241FC8BF00241E4B /* AppDelegate.swift */ = {isa = PBXFileReference; lastKnownFileType = sourcecode.swift; path = AppDelegate.swift; sourceTree = "<group>"; };
		15AEBA43241FC8BF00241E4B /* SceneDelegate.swift */ = {isa = PBXFileReference; lastKnownFileType = sourcecode.swift; path = SceneDelegate.swift; sourceTree = "<group>"; };
		15AEBA45241FC8BF00241E4B /* MainView.swift */ = {isa = PBXFileReference; lastKnownFileType = sourcecode.swift; path = MainView.swift; sourceTree = "<group>"; };
		15AEBA47241FC8C300241E4B /* Assets.xcassets */ = {isa = PBXFileReference; lastKnownFileType = folder.assetcatalog; path = Assets.xcassets; sourceTree = "<group>"; };
		15AEBA4A241FC8C300241E4B /* Preview Assets.xcassets */ = {isa = PBXFileReference; lastKnownFileType = folder.assetcatalog; path = "Preview Assets.xcassets"; sourceTree = "<group>"; };
		15AEBA4D241FC8C300241E4B /* Base */ = {isa = PBXFileReference; lastKnownFileType = file.storyboard; name = Base; path = Base.lproj/LaunchScreen.storyboard; sourceTree = "<group>"; };
		15AEBA4F241FC8C300241E4B /* Info.plist */ = {isa = PBXFileReference; lastKnownFileType = text.plist.xml; path = Info.plist; sourceTree = "<group>"; };
		15AEBA54241FC8C300241E4B /* SolEng_iOS_DemoTests.xctest */ = {isa = PBXFileReference; explicitFileType = wrapper.cfbundle; includeInIndex = 0; path = SolEng_iOS_DemoTests.xctest; sourceTree = BUILT_PRODUCTS_DIR; };
		15AEBA58241FC8C300241E4B /* SolEng_iOS_DemoTests.swift */ = {isa = PBXFileReference; lastKnownFileType = sourcecode.swift; path = SolEng_iOS_DemoTests.swift; sourceTree = "<group>"; };
		15AEBA5A241FC8C300241E4B /* Info.plist */ = {isa = PBXFileReference; lastKnownFileType = text.plist.xml; path = Info.plist; sourceTree = "<group>"; };
		15AEBA5F241FC8C300241E4B /* SolEng_iOS_DemoUITests.xctest */ = {isa = PBXFileReference; explicitFileType = wrapper.cfbundle; includeInIndex = 0; path = SolEng_iOS_DemoUITests.xctest; sourceTree = BUILT_PRODUCTS_DIR; };
		15AEBA63241FC8C300241E4B /* SolEng_iOS_DemoUITests.swift */ = {isa = PBXFileReference; lastKnownFileType = sourcecode.swift; path = SolEng_iOS_DemoUITests.swift; sourceTree = "<group>"; };
		15AEBA65241FC8C300241E4B /* Info.plist */ = {isa = PBXFileReference; lastKnownFileType = text.plist.xml; path = Info.plist; sourceTree = "<group>"; };
		307E9B1689CF45C996A3CDAF /* Pods-SolEng_iOS_DemoUITests.release.xcconfig */ = {isa = PBXFileReference; includeInIndex = 1; lastKnownFileType = text.xcconfig; name = "Pods-SolEng_iOS_DemoUITests.release.xcconfig"; path = "Target Support Files/Pods-SolEng_iOS_DemoUITests/Pods-SolEng_iOS_DemoUITests.release.xcconfig"; sourceTree = "<group>"; };
		3303C17D24284F7600C2EC7D /* LoginView.swift */ = {isa = PBXFileReference; lastKnownFileType = sourcecode.swift; path = LoginView.swift; sourceTree = "<group>"; };
		3303C17F2428576100C2EC7D /* AdaptsToKeyboard.swift */ = {isa = PBXFileReference; lastKnownFileType = sourcecode.swift; path = AdaptsToKeyboard.swift; sourceTree = "<group>"; };
		3303C1832428884900C2EC7D /* RootView.swift */ = {isa = PBXFileReference; lastKnownFileType = sourcecode.swift; path = RootView.swift; sourceTree = "<group>"; };
		3303C1882428B7D700C2EC7D /* MainViewListItem.swift */ = {isa = PBXFileReference; lastKnownFileType = sourcecode.swift; path = MainViewListItem.swift; sourceTree = "<group>"; };
		331A3A072448AC27003EFC23 /* ViewRouter.swift */ = {isa = PBXFileReference; lastKnownFileType = sourcecode.swift; path = ViewRouter.swift; sourceTree = "<group>"; };
		331A3A0B2448B1E7003EFC23 /* ChatItemRow.swift */ = {isa = PBXFileReference; lastKnownFileType = sourcecode.swift; path = ChatItemRow.swift; sourceTree = "<group>"; };
		331A3A0D2448B215003EFC23 /* ChatModel.swift */ = {isa = PBXFileReference; lastKnownFileType = sourcecode.swift; path = ChatModel.swift; sourceTree = "<group>"; };
		331A3A0F2448B226003EFC23 /* ChatViewModel.swift */ = {isa = PBXFileReference; lastKnownFileType = sourcecode.swift; path = ChatViewModel.swift; sourceTree = "<group>"; };
		33510C2A2429C21600E6874E /* MainViewListItemRow.swift */ = {isa = PBXFileReference; lastKnownFileType = sourcecode.swift; path = MainViewListItemRow.swift; sourceTree = "<group>"; };
		33510C31242AEBFF00E6874E /* SBManager.swift */ = {isa = PBXFileReference; lastKnownFileType = sourcecode.swift; path = SBManager.swift; sourceTree = "<group>"; };
		33510C33242DB12900E6874E /* GroupChannelSyncListItemRow.swift */ = {isa = PBXFileReference; lastKnownFileType = sourcecode.swift; path = GroupChannelSyncListItemRow.swift; sourceTree = "<group>"; };
		33510C362433215600E6874E /* ChatUIView.swift */ = {isa = PBXFileReference; lastKnownFileType = sourcecode.swift; path = ChatUIView.swift; sourceTree = "<group>"; };
		33510C38243321A600E6874E /* GroupChannelSyncModel.swift */ = {isa = PBXFileReference; lastKnownFileType = sourcecode.swift; path = GroupChannelSyncModel.swift; sourceTree = "<group>"; };
		33510C3B243428A900E6874E /* UserUIView.swift */ = {isa = PBXFileReference; lastKnownFileType = sourcecode.swift; path = UserUIView.swift; sourceTree = "<group>"; };
		33510C3F243428D100E6874E /* UserListItemRow.swift */ = {isa = PBXFileReference; lastKnownFileType = sourcecode.swift; path = UserListItemRow.swift; sourceTree = "<group>"; };
		33510C412434C95A00E6874E /* UserModel.swift */ = {isa = PBXFileReference; lastKnownFileType = sourcecode.swift; path = UserModel.swift; sourceTree = "<group>"; };
		33510C432434C96700E6874E /* UserViewModel.swift */ = {isa = PBXFileReference; lastKnownFileType = sourcecode.swift; path = UserViewModel.swift; sourceTree = "<group>"; };
		33510C48243C1F7700E6874E /* GroupChannelSyncList.swift */ = {isa = PBXFileReference; fileEncoding = 4; lastKnownFileType = sourcecode.swift; path = GroupChannelSyncList.swift; sourceTree = "<group>"; };
		33510C4A243C1F8B00E6874E /* GroupChannelSyncViewModel.swift */ = {isa = PBXFileReference; fileEncoding = 4; lastKnownFileType = sourcecode.swift; path = GroupChannelSyncViewModel.swift; sourceTree = "<group>"; };
		33510C4C243C214300E6874E /* OpenChannelList.swift */ = {isa = PBXFileReference; lastKnownFileType = sourcecode.swift; path = OpenChannelList.swift; sourceTree = "<group>"; };
		33510C4E243C217E00E6874E /* OpenChannelListItemRow.swift */ = {isa = PBXFileReference; lastKnownFileType = sourcecode.swift; path = OpenChannelListItemRow.swift; sourceTree = "<group>"; };
		33510C50243C24AC00E6874E /* OpenChannelModel.swift */ = {isa = PBXFileReference; lastKnownFileType = sourcecode.swift; path = OpenChannelModel.swift; sourceTree = "<group>"; };
		33510C52243C24D200E6874E /* OpenChannelViewModel.swift */ = {isa = PBXFileReference; lastKnownFileType = sourcecode.swift; path = OpenChannelViewModel.swift; sourceTree = "<group>"; };
		33510C87243ECAFC00E6874E /* GroupChannelListItemRow.swift */ = {isa = PBXFileReference; lastKnownFileType = sourcecode.swift; path = GroupChannelListItemRow.swift; sourceTree = "<group>"; };
		33510C89243ECB5400E6874E /* GroupChannelList.swift */ = {isa = PBXFileReference; lastKnownFileType = sourcecode.swift; path = GroupChannelList.swift; sourceTree = "<group>"; };
		33510C8B243ECB6F00E6874E /* GroupChannelModel.swift */ = {isa = PBXFileReference; lastKnownFileType = sourcecode.swift; path = GroupChannelModel.swift; sourceTree = "<group>"; };
		33510C8D243ECB8500E6874E /* GroupChannelViewModel.swift */ = {isa = PBXFileReference; lastKnownFileType = sourcecode.swift; path = GroupChannelViewModel.swift; sourceTree = "<group>"; };
		33510C90243F092F00E6874E /* SolEng_iOS_Demo.entitlements */ = {isa = PBXFileReference; lastKnownFileType = text.plist.entitlements; path = SolEng_iOS_Demo.entitlements; sourceTree = "<group>"; };
		33510C91244402E900E6874E /* Appdelegate+CXProviderDelegate.swift */ = {isa = PBXFileReference; lastKnownFileType = sourcecode.swift; path = "Appdelegate+CXProviderDelegate.swift"; sourceTree = "<group>"; };
		33510C932444032D00E6874E /* AppDelegate+SendBirdCallsDelegates.swift */ = {isa = PBXFileReference; lastKnownFileType = sourcecode.swift; path = "AppDelegate+SendBirdCallsDelegates.swift"; sourceTree = "<group>"; };
		33510C96244403BC00E6874E /* CXProvider.swift */ = {isa = PBXFileReference; lastKnownFileType = sourcecode.swift; path = CXProvider.swift; sourceTree = "<group>"; };
		33510C98244403EE00E6874E /* CXCallControllerManager.swift */ = {isa = PBXFileReference; lastKnownFileType = sourcecode.swift; path = CXCallControllerManager.swift; sourceTree = "<group>"; };
		33510C9A2444049C00E6874E /* AppDelegate+PKPushRegistryDelegate.swift */ = {isa = PBXFileReference; lastKnownFileType = sourcecode.swift; path = "AppDelegate+PKPushRegistryDelegate.swift"; sourceTree = "<group>"; };
		33510C9D24443CB500E6874E /* UserDefaults+SolEng.swift */ = {isa = PBXFileReference; lastKnownFileType = sourcecode.swift; path = "UserDefaults+SolEng.swift"; sourceTree = "<group>"; };
		33510C9F2444609000E6874E /* Data+Extension.swift */ = {isa = PBXFileReference; lastKnownFileType = sourcecode.swift; path = "Data+Extension.swift"; sourceTree = "<group>"; };
		33510CA22444664900E6874E /* VoiceCallUIView.swift */ = {isa = PBXFileReference; lastKnownFileType = sourcecode.swift; path = VoiceCallUIView.swift; sourceTree = "<group>"; };
		33510CA42444665D00E6874E /* VideoCallUIView.swift */ = {isa = PBXFileReference; lastKnownFileType = sourcecode.swift; path = VideoCallUIView.swift; sourceTree = "<group>"; };
		33510CA62444667100E6874E /* DirectCallDataSource.swift */ = {isa = PBXFileReference; lastKnownFileType = sourcecode.swift; path = DirectCallDataSource.swift; sourceTree = "<group>"; };
		33510CA8244467F400E6874E /* VoiceCallViewModel.swift */ = {isa = PBXFileReference; lastKnownFileType = sourcecode.swift; path = VoiceCallViewModel.swift; sourceTree = "<group>"; };
		33510CAA2444680300E6874E /* VideoCallViewModel.swift */ = {isa = PBXFileReference; lastKnownFileType = sourcecode.swift; path = VideoCallViewModel.swift; sourceTree = "<group>"; };
		33510CAC2445976700E6874E /* VoiceCallModel.swift */ = {isa = PBXFileReference; lastKnownFileType = sourcecode.swift; path = VoiceCallModel.swift; sourceTree = "<group>"; };
		33510CAE24459B5300E6874E /* VideoCallModel.swift */ = {isa = PBXFileReference; lastKnownFileType = sourcecode.swift; path = VideoCallModel.swift; sourceTree = "<group>"; };
		338F61A9244D7A1500A50E05 /* SendMessageView.swift */ = {isa = PBXFileReference; lastKnownFileType = sourcecode.swift; path = SendMessageView.swift; sourceTree = "<group>"; };
		338F61AC244DD25100A50E05 /* CustomScrollView.swift */ = {isa = PBXFileReference; lastKnownFileType = sourcecode.swift; path = CustomScrollView.swift; sourceTree = "<group>"; };
		338F61AE244DD53F00A50E05 /* SBManager+Modeling.swift */ = {isa = PBXFileReference; lastKnownFileType = sourcecode.swift; path = "SBManager+Modeling.swift"; sourceTree = "<group>"; };
		338F61B0244ECAB100A50E05 /* AvatarView.swift */ = {isa = PBXFileReference; lastKnownFileType = sourcecode.swift; path = AvatarView.swift; sourceTree = "<group>"; };
		338F61B3244ECEEA00A50E05 /* ImageLoader.swift */ = {isa = PBXFileReference; lastKnownFileType = sourcecode.swift; path = ImageLoader.swift; sourceTree = "<group>"; };
		338F61B7244F390300A50E05 /* ReceiveMessageView.swift */ = {isa = PBXFileReference; lastKnownFileType = sourcecode.swift; path = ReceiveMessageView.swift; sourceTree = "<group>"; };
		338F61B9244F396A00A50E05 /* AdminMessageView.swift */ = {isa = PBXFileReference; lastKnownFileType = sourcecode.swift; path = AdminMessageView.swift; sourceTree = "<group>"; };
		338F61BB245699A000A50E05 /* UserNotiRegister.swift */ = {isa = PBXFileReference; lastKnownFileType = sourcecode.swift; path = UserNotiRegister.swift; sourceTree = "<group>"; };
		33D73BA62457D84D0030077A /* SBManager+Call.swift */ = {isa = PBXFileReference; lastKnownFileType = sourcecode.swift; path = "SBManager+Call.swift"; sourceTree = "<group>"; };
		33D73BA8246033C00030077A /* VideoView.swift */ = {isa = PBXFileReference; lastKnownFileType = sourcecode.swift; path = VideoView.swift; sourceTree = "<group>"; };
		33D73BAA2463E2F70030077A /* Notification+extension.swift */ = {isa = PBXFileReference; lastKnownFileType = sourcecode.swift; path = "Notification+extension.swift"; sourceTree = "<group>"; };
		5318F34E6BCAC29580F8C609 /* Pods-SolEng_iOS_DemoUITests.debug.xcconfig */ = {isa = PBXFileReference; includeInIndex = 1; lastKnownFileType = text.xcconfig; name = "Pods-SolEng_iOS_DemoUITests.debug.xcconfig"; path = "Target Support Files/Pods-SolEng_iOS_DemoUITests/Pods-SolEng_iOS_DemoUITests.debug.xcconfig"; sourceTree = "<group>"; };
		91923C16FE34C0AE121E4C5C /* Pods_SolEng_iOS_DemoTests.framework */ = {isa = PBXFileReference; explicitFileType = wrapper.framework; includeInIndex = 0; path = Pods_SolEng_iOS_DemoTests.framework; sourceTree = BUILT_PRODUCTS_DIR; };
		9438B396EC5C0B296425A550 /* Pods-SolEng_iOS_Demo.release.xcconfig */ = {isa = PBXFileReference; includeInIndex = 1; lastKnownFileType = text.xcconfig; name = "Pods-SolEng_iOS_Demo.release.xcconfig"; path = "Target Support Files/Pods-SolEng_iOS_Demo/Pods-SolEng_iOS_Demo.release.xcconfig"; sourceTree = "<group>"; };
		BCE7CE4BEC4AF4280A09F1D3 /* Pods_SolEng_iOS_DemoUITests.framework */ = {isa = PBXFileReference; explicitFileType = wrapper.framework; includeInIndex = 0; path = Pods_SolEng_iOS_DemoUITests.framework; sourceTree = BUILT_PRODUCTS_DIR; };
		CB43092E00B60979E16A7D85 /* Pods-SolEng_iOS_Demo.debug.xcconfig */ = {isa = PBXFileReference; includeInIndex = 1; lastKnownFileType = text.xcconfig; name = "Pods-SolEng_iOS_Demo.debug.xcconfig"; path = "Target Support Files/Pods-SolEng_iOS_Demo/Pods-SolEng_iOS_Demo.debug.xcconfig"; sourceTree = "<group>"; };
		D8D0C4E57210FD0A25C483DB /* Pods_SolEng_iOS_Demo.framework */ = {isa = PBXFileReference; explicitFileType = wrapper.framework; includeInIndex = 0; path = Pods_SolEng_iOS_Demo.framework; sourceTree = BUILT_PRODUCTS_DIR; };
		E6B19F1C4C13FBC1178F320E /* Pods-SolEng_iOS_DemoTests.release.xcconfig */ = {isa = PBXFileReference; includeInIndex = 1; lastKnownFileType = text.xcconfig; name = "Pods-SolEng_iOS_DemoTests.release.xcconfig"; path = "Target Support Files/Pods-SolEng_iOS_DemoTests/Pods-SolEng_iOS_DemoTests.release.xcconfig"; sourceTree = "<group>"; };
		E9AC843852388C3F2B26F3FC /* Pods-SolEng_iOS_DemoTests.debug.xcconfig */ = {isa = PBXFileReference; includeInIndex = 1; lastKnownFileType = text.xcconfig; name = "Pods-SolEng_iOS_DemoTests.debug.xcconfig"; path = "Target Support Files/Pods-SolEng_iOS_DemoTests/Pods-SolEng_iOS_DemoTests.debug.xcconfig"; sourceTree = "<group>"; };
/* End PBXFileReference section */

/* Begin PBXFrameworksBuildPhase section */
		15AEBA3B241FC8BF00241E4B /* Frameworks */ = {
			isa = PBXFrameworksBuildPhase;
			buildActionMask = 2147483647;
			files = (
				963003946B48B88B45510B2D /* Pods_SolEng_iOS_Demo.framework in Frameworks */,
			);
			runOnlyForDeploymentPostprocessing = 0;
		};
		15AEBA51241FC8C300241E4B /* Frameworks */ = {
			isa = PBXFrameworksBuildPhase;
			buildActionMask = 2147483647;
			files = (
				B8841BE1A973A78C25E8F75B /* Pods_SolEng_iOS_DemoTests.framework in Frameworks */,
			);
			runOnlyForDeploymentPostprocessing = 0;
		};
		15AEBA5C241FC8C300241E4B /* Frameworks */ = {
			isa = PBXFrameworksBuildPhase;
			buildActionMask = 2147483647;
			files = (
				58C043B5F96A7D0A5E2D5F71 /* Pods_SolEng_iOS_DemoUITests.framework in Frameworks */,
			);
			runOnlyForDeploymentPostprocessing = 0;
		};
/* End PBXFrameworksBuildPhase section */

/* Begin PBXGroup section */
		15AEBA35241FC8BF00241E4B = {
			isa = PBXGroup;
			children = (
				15AEBA40241FC8BF00241E4B /* SolEng_iOS_Demo */,
				15AEBA57241FC8C300241E4B /* SolEng_iOS_DemoTests */,
				15AEBA62241FC8C300241E4B /* SolEng_iOS_DemoUITests */,
				15AEBA3F241FC8BF00241E4B /* Products */,
				DC533104B9631978A581F383 /* Pods */,
				559DD11D9FAB04D2B426B487 /* Frameworks */,
			);
			sourceTree = "<group>";
		};
		15AEBA3F241FC8BF00241E4B /* Products */ = {
			isa = PBXGroup;
			children = (
				15AEBA3E241FC8BF00241E4B /* SolEng_iOS_Demo.app */,
				15AEBA54241FC8C300241E4B /* SolEng_iOS_DemoTests.xctest */,
				15AEBA5F241FC8C300241E4B /* SolEng_iOS_DemoUITests.xctest */,
			);
			name = Products;
			sourceTree = "<group>";
		};
		15AEBA40241FC8BF00241E4B /* SolEng_iOS_Demo */ = {
			isa = PBXGroup;
			children = (
				33510C90243F092F00E6874E /* SolEng_iOS_Demo.entitlements */,
				338F61B2244ECED100A50E05 /* Utils */,
				33510C30242AEBE100E6874E /* SBManager */,
				3303C182242857E000C2EC7D /* UIViewModifier */,
				3303C181242857C100C2EC7D /* SBChat */,
				33510C9C24443BEC00E6874E /* Extension */,
				33510C952444037F00E6874E /* CXExtension */,
				15AEBA41241FC8BF00241E4B /* AppDelegate.swift */,
				15AEBA43241FC8BF00241E4B /* SceneDelegate.swift */,
				33510C9A2444049C00E6874E /* AppDelegate+PKPushRegistryDelegate.swift */,
				33510C91244402E900E6874E /* Appdelegate+CXProviderDelegate.swift */,
				33510C932444032D00E6874E /* AppDelegate+SendBirdCallsDelegates.swift */,
				15AEBA47241FC8C300241E4B /* Assets.xcassets */,
				15AEBA4C241FC8C300241E4B /* LaunchScreen.storyboard */,
				15AEBA4F241FC8C300241E4B /* Info.plist */,
				15AEBA49241FC8C300241E4B /* Preview Content */,
			);
			path = SolEng_iOS_Demo;
			sourceTree = "<group>";
		};
		15AEBA49241FC8C300241E4B /* Preview Content */ = {
			isa = PBXGroup;
			children = (
				15AEBA4A241FC8C300241E4B /* Preview Assets.xcassets */,
			);
			path = "Preview Content";
			sourceTree = "<group>";
		};
		15AEBA57241FC8C300241E4B /* SolEng_iOS_DemoTests */ = {
			isa = PBXGroup;
			children = (
				15AEBA58241FC8C300241E4B /* SolEng_iOS_DemoTests.swift */,
				15AEBA5A241FC8C300241E4B /* Info.plist */,
			);
			path = SolEng_iOS_DemoTests;
			sourceTree = "<group>";
		};
		15AEBA62241FC8C300241E4B /* SolEng_iOS_DemoUITests */ = {
			isa = PBXGroup;
			children = (
				15AEBA63241FC8C300241E4B /* SolEng_iOS_DemoUITests.swift */,
				15AEBA65241FC8C300241E4B /* Info.plist */,
			);
			path = SolEng_iOS_DemoUITests;
			sourceTree = "<group>";
		};
		3303C181242857C100C2EC7D /* SBChat */ = {
			isa = PBXGroup;
			children = (
				338F61AB244DD22E00A50E05 /* Custom */,
				338F61A8244D799500A50E05 /* ChatContents */,
				33510C8F243EE1C500E6874E /* Call */,
				33510C3A2434107700E6874E /* Users */,
				33510C2F242AEBC900E6874E /* GroupChannelSync */,
				33510C84243EC98900E6874E /* GropuChannel */,
				33510C452436F9F300E6874E /* OpenChannel */,
				33510C2E242AEB2200E6874E /* Main */,
				3303C17D24284F7600C2EC7D /* LoginView.swift */,
				3303C1832428884900C2EC7D /* RootView.swift */,
				331A3A072448AC27003EFC23 /* ViewRouter.swift */,
			);
			path = SBChat;
			sourceTree = "<group>";
		};
		3303C182242857E000C2EC7D /* UIViewModifier */ = {
			isa = PBXGroup;
			children = (
				3303C17F2428576100C2EC7D /* AdaptsToKeyboard.swift */,
			);
			path = UIViewModifier;
			sourceTree = "<group>";
		};
		33510C2E242AEB2200E6874E /* Main */ = {
			isa = PBXGroup;
			children = (
				15AEBA45241FC8BF00241E4B /* MainView.swift */,
				3303C1882428B7D700C2EC7D /* MainViewListItem.swift */,
				33510C2A2429C21600E6874E /* MainViewListItemRow.swift */,
			);
			path = Main;
			sourceTree = "<group>";
		};
		33510C2F242AEBC900E6874E /* GroupChannelSync */ = {
			isa = PBXGroup;
			children = (
				33510C48243C1F7700E6874E /* GroupChannelSyncList.swift */,
				33510C33242DB12900E6874E /* GroupChannelSyncListItemRow.swift */,
				33510C38243321A600E6874E /* GroupChannelSyncModel.swift */,
				33510C4A243C1F8B00E6874E /* GroupChannelSyncViewModel.swift */,
			);
			path = GroupChannelSync;
			sourceTree = "<group>";
		};
		33510C30242AEBE100E6874E /* SBManager */ = {
			isa = PBXGroup;
			children = (
				33510C31242AEBFF00E6874E /* SBManager.swift */,
				33D73BA62457D84D0030077A /* SBManager+Call.swift */,
				338F61AE244DD53F00A50E05 /* SBManager+Modeling.swift */,
			);
			path = SBManager;
			sourceTree = "<group>";
		};
		33510C352433214300E6874E /* GroupChat */ = {
			isa = PBXGroup;
			children = (
				33510C362433215600E6874E /* ChatUIView.swift */,
				331A3A0B2448B1E7003EFC23 /* ChatItemRow.swift */,
				331A3A0D2448B215003EFC23 /* ChatModel.swift */,
				331A3A0F2448B226003EFC23 /* ChatViewModel.swift */,
			);
			path = GroupChat;
			sourceTree = "<group>";
		};
		33510C3A2434107700E6874E /* Users */ = {
			isa = PBXGroup;
			children = (
				33510C3B243428A900E6874E /* UserUIView.swift */,
				33510C3F243428D100E6874E /* UserListItemRow.swift */,
				33510C412434C95A00E6874E /* UserModel.swift */,
				33510C432434C96700E6874E /* UserViewModel.swift */,
			);
			path = Users;
			sourceTree = "<group>";
		};
		33510C452436F9F300E6874E /* OpenChannel */ = {
			isa = PBXGroup;
			children = (
				33510C4C243C214300E6874E /* OpenChannelList.swift */,
				33510C4E243C217E00E6874E /* OpenChannelListItemRow.swift */,
				33510C50243C24AC00E6874E /* OpenChannelModel.swift */,
				33510C52243C24D200E6874E /* OpenChannelViewModel.swift */,
			);
			path = OpenChannel;
			sourceTree = "<group>";
		};
		33510C84243EC98900E6874E /* GropuChannel */ = {
			isa = PBXGroup;
			children = (
				33510C352433214300E6874E /* GroupChat */,
				33510C89243ECB5400E6874E /* GroupChannelList.swift */,
				33510C87243ECAFC00E6874E /* GroupChannelListItemRow.swift */,
				33510C8B243ECB6F00E6874E /* GroupChannelModel.swift */,
				33510C8D243ECB8500E6874E /* GroupChannelViewModel.swift */,
			);
			path = GropuChannel;
			sourceTree = "<group>";
		};
		33510C8F243EE1C500E6874E /* Call */ = {
			isa = PBXGroup;
			children = (
				33D73BA8246033C00030077A /* VideoView.swift */,
				33510CA22444664900E6874E /* VoiceCallUIView.swift */,
				33510CAC2445976700E6874E /* VoiceCallModel.swift */,
				33510CA8244467F400E6874E /* VoiceCallViewModel.swift */,
				33510CA42444665D00E6874E /* VideoCallUIView.swift */,
				33510CAE24459B5300E6874E /* VideoCallModel.swift */,
				33510CAA2444680300E6874E /* VideoCallViewModel.swift */,
				33510CA62444667100E6874E /* DirectCallDataSource.swift */,
			);
			path = Call;
			sourceTree = "<group>";
		};
		33510C952444037F00E6874E /* CXExtension */ = {
			isa = PBXGroup;
			children = (
				33510C98244403EE00E6874E /* CXCallControllerManager.swift */,
				33510C96244403BC00E6874E /* CXProvider.swift */,
			);
			path = CXExtension;
			sourceTree = "<group>";
		};
		33510C9C24443BEC00E6874E /* Extension */ = {
			isa = PBXGroup;
			children = (
				33510C9D24443CB500E6874E /* UserDefaults+SolEng.swift */,
				33510C9F2444609000E6874E /* Data+Extension.swift */,
			);
			path = Extension;
			sourceTree = "<group>";
		};
		338F61A8244D799500A50E05 /* ChatContents */ = {
			isa = PBXGroup;
			children = (
				338F61A9244D7A1500A50E05 /* SendMessageView.swift */,
				338F61B7244F390300A50E05 /* ReceiveMessageView.swift */,
				338F61B9244F396A00A50E05 /* AdminMessageView.swift */,
			);
			path = ChatContents;
			sourceTree = "<group>";
		};
		338F61AB244DD22E00A50E05 /* Custom */ = {
			isa = PBXGroup;
			children = (
				338F61AC244DD25100A50E05 /* CustomScrollView.swift */,
				338F61B0244ECAB100A50E05 /* AvatarView.swift */,
			);
			path = Custom;
			sourceTree = "<group>";
		};
		338F61B2244ECED100A50E05 /* Utils */ = {
			isa = PBXGroup;
			children = (
				338F61B3244ECEEA00A50E05 /* ImageLoader.swift */,
				338F61BB245699A000A50E05 /* UserNotiRegister.swift */,
				33D73BAA2463E2F70030077A /* Notification+extension.swift */,
			);
			path = Utils;
			sourceTree = "<group>";
		};
		559DD11D9FAB04D2B426B487 /* Frameworks */ = {
			isa = PBXGroup;
			children = (
				D8D0C4E57210FD0A25C483DB /* Pods_SolEng_iOS_Demo.framework */,
				91923C16FE34C0AE121E4C5C /* Pods_SolEng_iOS_DemoTests.framework */,
				BCE7CE4BEC4AF4280A09F1D3 /* Pods_SolEng_iOS_DemoUITests.framework */,
			);
			name = Frameworks;
			sourceTree = "<group>";
		};
		DC533104B9631978A581F383 /* Pods */ = {
			isa = PBXGroup;
			children = (
				CB43092E00B60979E16A7D85 /* Pods-SolEng_iOS_Demo.debug.xcconfig */,
				9438B396EC5C0B296425A550 /* Pods-SolEng_iOS_Demo.release.xcconfig */,
				E9AC843852388C3F2B26F3FC /* Pods-SolEng_iOS_DemoTests.debug.xcconfig */,
				E6B19F1C4C13FBC1178F320E /* Pods-SolEng_iOS_DemoTests.release.xcconfig */,
				5318F34E6BCAC29580F8C609 /* Pods-SolEng_iOS_DemoUITests.debug.xcconfig */,
				307E9B1689CF45C996A3CDAF /* Pods-SolEng_iOS_DemoUITests.release.xcconfig */,
			);
			path = Pods;
			sourceTree = "<group>";
		};
/* End PBXGroup section */

/* Begin PBXNativeTarget section */
		15AEBA3D241FC8BF00241E4B /* SolEng_iOS_Demo */ = {
			isa = PBXNativeTarget;
			buildConfigurationList = 15AEBA68241FC8C300241E4B /* Build configuration list for PBXNativeTarget "SolEng_iOS_Demo" */;
			buildPhases = (
				7FA4D78A648FF482DBC882EC /* [CP] Check Pods Manifest.lock */,
				15AEBA3A241FC8BF00241E4B /* Sources */,
				15AEBA3B241FC8BF00241E4B /* Frameworks */,
				15AEBA3C241FC8BF00241E4B /* Resources */,
				8EA57ECE7DDAF3877452103C /* [CP] Embed Pods Frameworks */,
			);
			buildRules = (
			);
			dependencies = (
			);
			name = SolEng_iOS_Demo;
			productName = SolEng_iOS_Demo;
			productReference = 15AEBA3E241FC8BF00241E4B /* SolEng_iOS_Demo.app */;
			productType = "com.apple.product-type.application";
		};
		15AEBA53241FC8C300241E4B /* SolEng_iOS_DemoTests */ = {
			isa = PBXNativeTarget;
			buildConfigurationList = 15AEBA6B241FC8C300241E4B /* Build configuration list for PBXNativeTarget "SolEng_iOS_DemoTests" */;
			buildPhases = (
				2B72B7F07228B71BDE5DDA50 /* [CP] Check Pods Manifest.lock */,
				15AEBA50241FC8C300241E4B /* Sources */,
				15AEBA51241FC8C300241E4B /* Frameworks */,
				15AEBA52241FC8C300241E4B /* Resources */,
			);
			buildRules = (
			);
			dependencies = (
				15AEBA56241FC8C300241E4B /* PBXTargetDependency */,
			);
			name = SolEng_iOS_DemoTests;
			productName = SolEng_iOS_DemoTests;
			productReference = 15AEBA54241FC8C300241E4B /* SolEng_iOS_DemoTests.xctest */;
			productType = "com.apple.product-type.bundle.unit-test";
		};
		15AEBA5E241FC8C300241E4B /* SolEng_iOS_DemoUITests */ = {
			isa = PBXNativeTarget;
			buildConfigurationList = 15AEBA6E241FC8C300241E4B /* Build configuration list for PBXNativeTarget "SolEng_iOS_DemoUITests" */;
			buildPhases = (
				A91AEE1335654B063132AAB0 /* [CP] Check Pods Manifest.lock */,
				15AEBA5B241FC8C300241E4B /* Sources */,
				15AEBA5C241FC8C300241E4B /* Frameworks */,
				15AEBA5D241FC8C300241E4B /* Resources */,
			);
			buildRules = (
			);
			dependencies = (
				15AEBA61241FC8C300241E4B /* PBXTargetDependency */,
			);
			name = SolEng_iOS_DemoUITests;
			productName = SolEng_iOS_DemoUITests;
			productReference = 15AEBA5F241FC8C300241E4B /* SolEng_iOS_DemoUITests.xctest */;
			productType = "com.apple.product-type.bundle.ui-testing";
		};
/* End PBXNativeTarget section */

/* Begin PBXProject section */
		15AEBA36241FC8BF00241E4B /* Project object */ = {
			isa = PBXProject;
			attributes = {
				LastSwiftUpdateCheck = 1130;
				LastUpgradeCheck = 1130;
				ORGANIZATIONNAME = YongjunChoi;
				TargetAttributes = {
					15AEBA3D241FC8BF00241E4B = {
						CreatedOnToolsVersion = 11.3.1;
					};
					15AEBA53241FC8C300241E4B = {
						CreatedOnToolsVersion = 11.3.1;
						TestTargetID = 15AEBA3D241FC8BF00241E4B;
					};
					15AEBA5E241FC8C300241E4B = {
						CreatedOnToolsVersion = 11.3.1;
						TestTargetID = 15AEBA3D241FC8BF00241E4B;
					};
				};
			};
			buildConfigurationList = 15AEBA39241FC8BF00241E4B /* Build configuration list for PBXProject "SolEng_iOS_Demo" */;
			compatibilityVersion = "Xcode 9.3";
			developmentRegion = en;
			hasScannedForEncodings = 0;
			knownRegions = (
				en,
				Base,
			);
			mainGroup = 15AEBA35241FC8BF00241E4B;
			productRefGroup = 15AEBA3F241FC8BF00241E4B /* Products */;
			projectDirPath = "";
			projectRoot = "";
			targets = (
				15AEBA3D241FC8BF00241E4B /* SolEng_iOS_Demo */,
				15AEBA53241FC8C300241E4B /* SolEng_iOS_DemoTests */,
				15AEBA5E241FC8C300241E4B /* SolEng_iOS_DemoUITests */,
			);
		};
/* End PBXProject section */

/* Begin PBXResourcesBuildPhase section */
		15AEBA3C241FC8BF00241E4B /* Resources */ = {
			isa = PBXResourcesBuildPhase;
			buildActionMask = 2147483647;
			files = (
				15AEBA4E241FC8C300241E4B /* LaunchScreen.storyboard in Resources */,
				15AEBA4B241FC8C300241E4B /* Preview Assets.xcassets in Resources */,
				15AEBA48241FC8C300241E4B /* Assets.xcassets in Resources */,
			);
			runOnlyForDeploymentPostprocessing = 0;
		};
		15AEBA52241FC8C300241E4B /* Resources */ = {
			isa = PBXResourcesBuildPhase;
			buildActionMask = 2147483647;
			files = (
			);
			runOnlyForDeploymentPostprocessing = 0;
		};
		15AEBA5D241FC8C300241E4B /* Resources */ = {
			isa = PBXResourcesBuildPhase;
			buildActionMask = 2147483647;
			files = (
			);
			runOnlyForDeploymentPostprocessing = 0;
		};
/* End PBXResourcesBuildPhase section */

/* Begin PBXShellScriptBuildPhase section */
		2B72B7F07228B71BDE5DDA50 /* [CP] Check Pods Manifest.lock */ = {
			isa = PBXShellScriptBuildPhase;
			buildActionMask = 2147483647;
			files = (
			);
			inputFileListPaths = (
			);
			inputPaths = (
				"${PODS_PODFILE_DIR_PATH}/Podfile.lock",
				"${PODS_ROOT}/Manifest.lock",
			);
			name = "[CP] Check Pods Manifest.lock";
			outputFileListPaths = (
			);
			outputPaths = (
				"$(DERIVED_FILE_DIR)/Pods-SolEng_iOS_DemoTests-checkManifestLockResult.txt",
			);
			runOnlyForDeploymentPostprocessing = 0;
			shellPath = /bin/sh;
			shellScript = "diff \"${PODS_PODFILE_DIR_PATH}/Podfile.lock\" \"${PODS_ROOT}/Manifest.lock\" > /dev/null\nif [ $? != 0 ] ; then\n    # print error to STDERR\n    echo \"error: The sandbox is not in sync with the Podfile.lock. Run 'pod install' or update your CocoaPods installation.\" >&2\n    exit 1\nfi\n# This output is used by Xcode 'outputs' to avoid re-running this script phase.\necho \"SUCCESS\" > \"${SCRIPT_OUTPUT_FILE_0}\"\n";
			showEnvVarsInLog = 0;
		};
		7FA4D78A648FF482DBC882EC /* [CP] Check Pods Manifest.lock */ = {
			isa = PBXShellScriptBuildPhase;
			buildActionMask = 2147483647;
			files = (
			);
			inputFileListPaths = (
			);
			inputPaths = (
				"${PODS_PODFILE_DIR_PATH}/Podfile.lock",
				"${PODS_ROOT}/Manifest.lock",
			);
			name = "[CP] Check Pods Manifest.lock";
			outputFileListPaths = (
			);
			outputPaths = (
				"$(DERIVED_FILE_DIR)/Pods-SolEng_iOS_Demo-checkManifestLockResult.txt",
			);
			runOnlyForDeploymentPostprocessing = 0;
			shellPath = /bin/sh;
			shellScript = "diff \"${PODS_PODFILE_DIR_PATH}/Podfile.lock\" \"${PODS_ROOT}/Manifest.lock\" > /dev/null\nif [ $? != 0 ] ; then\n    # print error to STDERR\n    echo \"error: The sandbox is not in sync with the Podfile.lock. Run 'pod install' or update your CocoaPods installation.\" >&2\n    exit 1\nfi\n# This output is used by Xcode 'outputs' to avoid re-running this script phase.\necho \"SUCCESS\" > \"${SCRIPT_OUTPUT_FILE_0}\"\n";
			showEnvVarsInLog = 0;
		};
		8EA57ECE7DDAF3877452103C /* [CP] Embed Pods Frameworks */ = {
			isa = PBXShellScriptBuildPhase;
			buildActionMask = 2147483647;
			files = (
			);
			inputFileListPaths = (
				"${PODS_ROOT}/Target Support Files/Pods-SolEng_iOS_Demo/Pods-SolEng_iOS_Demo-frameworks-${CONFIGURATION}-input-files.xcfilelist",
			);
			name = "[CP] Embed Pods Frameworks";
			outputFileListPaths = (
				"${PODS_ROOT}/Target Support Files/Pods-SolEng_iOS_Demo/Pods-SolEng_iOS_Demo-frameworks-${CONFIGURATION}-output-files.xcfilelist",
			);
			runOnlyForDeploymentPostprocessing = 0;
			shellPath = /bin/sh;
			shellScript = "\"${PODS_ROOT}/Target Support Files/Pods-SolEng_iOS_Demo/Pods-SolEng_iOS_Demo-frameworks.sh\"\n";
			showEnvVarsInLog = 0;
		};
		A91AEE1335654B063132AAB0 /* [CP] Check Pods Manifest.lock */ = {
			isa = PBXShellScriptBuildPhase;
			buildActionMask = 2147483647;
			files = (
			);
			inputFileListPaths = (
			);
			inputPaths = (
				"${PODS_PODFILE_DIR_PATH}/Podfile.lock",
				"${PODS_ROOT}/Manifest.lock",
			);
			name = "[CP] Check Pods Manifest.lock";
			outputFileListPaths = (
			);
			outputPaths = (
				"$(DERIVED_FILE_DIR)/Pods-SolEng_iOS_DemoUITests-checkManifestLockResult.txt",
			);
			runOnlyForDeploymentPostprocessing = 0;
			shellPath = /bin/sh;
			shellScript = "diff \"${PODS_PODFILE_DIR_PATH}/Podfile.lock\" \"${PODS_ROOT}/Manifest.lock\" > /dev/null\nif [ $? != 0 ] ; then\n    # print error to STDERR\n    echo \"error: The sandbox is not in sync with the Podfile.lock. Run 'pod install' or update your CocoaPods installation.\" >&2\n    exit 1\nfi\n# This output is used by Xcode 'outputs' to avoid re-running this script phase.\necho \"SUCCESS\" > \"${SCRIPT_OUTPUT_FILE_0}\"\n";
			showEnvVarsInLog = 0;
		};
/* End PBXShellScriptBuildPhase section */

/* Begin PBXSourcesBuildPhase section */
		15AEBA3A241FC8BF00241E4B /* Sources */ = {
			isa = PBXSourcesBuildPhase;
			buildActionMask = 2147483647;
			files = (
				15AEBA42241FC8BF00241E4B /* AppDelegate.swift in Sources */,
				338F61BA244F396A00A50E05 /* AdminMessageView.swift in Sources */,
				33510CAF24459B5300E6874E /* VideoCallModel.swift in Sources */,
				33510CA02444609000E6874E /* Data+Extension.swift in Sources */,
				33510C3C243428A900E6874E /* UserUIView.swift in Sources */,
				15AEBA44241FC8BF00241E4B /* SceneDelegate.swift in Sources */,
				338F61AF244DD53F00A50E05 /* SBManager+Modeling.swift in Sources */,
				331A3A082448AC27003EFC23 /* ViewRouter.swift in Sources */,
				33510CA72444667100E6874E /* DirectCallDataSource.swift in Sources */,
				33510C49243C1F7700E6874E /* GroupChannelSyncList.swift in Sources */,
				33510CA32444664900E6874E /* VoiceCallUIView.swift in Sources */,
				33510CA9244467F400E6874E /* VoiceCallViewModel.swift in Sources */,
				3303C1892428B7D700C2EC7D /* MainViewListItem.swift in Sources */,
				33510C8C243ECB6F00E6874E /* GroupChannelModel.swift in Sources */,
				33510C9E24443CB500E6874E /* UserDefaults+SolEng.swift in Sources */,
				33D73BA72457D84D0030077A /* SBManager+Call.swift in Sources */,
				33510C2B2429C21600E6874E /* MainViewListItemRow.swift in Sources */,
				338F61AD244DD25100A50E05 /* CustomScrollView.swift in Sources */,
				33510C4F243C217E00E6874E /* OpenChannelListItemRow.swift in Sources */,
				3303C17E24284F7600C2EC7D /* LoginView.swift in Sources */,
				338F61BC245699A000A50E05 /* UserNotiRegister.swift in Sources */,
				33510C4B243C1F8B00E6874E /* GroupChannelSyncViewModel.swift in Sources */,
				33510C942444032D00E6874E /* AppDelegate+SendBirdCallsDelegates.swift in Sources */,
				33510CA52444665D00E6874E /* VideoCallUIView.swift in Sources */,
				338F61B4244ECEEA00A50E05 /* ImageLoader.swift in Sources */,
				33510C372433215600E6874E /* ChatUIView.swift in Sources */,
				33510CAB2444680300E6874E /* VideoCallViewModel.swift in Sources */,
				33510C34242DB12900E6874E /* GroupChannelSyncListItemRow.swift in Sources */,
				33510C88243ECAFC00E6874E /* GroupChannelListItemRow.swift in Sources */,
				33510C53243C24D200E6874E /* OpenChannelViewModel.swift in Sources */,
				15AEBA46241FC8BF00241E4B /* MainView.swift in Sources */,
				33510C8E243ECB8500E6874E /* GroupChannelViewModel.swift in Sources */,
				3303C1842428884900C2EC7D /* RootView.swift in Sources */,
				33510C39243321A600E6874E /* GroupChannelSyncModel.swift in Sources */,
				33510CAD2445976700E6874E /* VoiceCallModel.swift in Sources */,
				331A3A0C2448B1E7003EFC23 /* ChatItemRow.swift in Sources */,
				33510C442434C96700E6874E /* UserViewModel.swift in Sources */,
				338F61B8244F390300A50E05 /* ReceiveMessageView.swift in Sources */,
				33510C92244402E900E6874E /* Appdelegate+CXProviderDelegate.swift in Sources */,
				338F61B1244ECAB100A50E05 /* AvatarView.swift in Sources */,
				33510C97244403BC00E6874E /* CXProvider.swift in Sources */,
				338F61AA244D7A1500A50E05 /* SendMessageView.swift in Sources */,
				33D73BA9246033C00030077A /* VideoView.swift in Sources */,
				33510C99244403EE00E6874E /* CXCallControllerManager.swift in Sources */,
				33510C32242AEBFF00E6874E /* SBManager.swift in Sources */,
				331A3A0E2448B215003EFC23 /* ChatModel.swift in Sources */,
				33510C4D243C214300E6874E /* OpenChannelList.swift in Sources */,
				33510C9B2444049C00E6874E /* AppDelegate+PKPushRegistryDelegate.swift in Sources */,
				33510C8A243ECB5400E6874E /* GroupChannelList.swift in Sources */,
				33510C51243C24AC00E6874E /* OpenChannelModel.swift in Sources */,
				33D73BAB2463E2F70030077A /* Notification+extension.swift in Sources */,
				33510C40243428D100E6874E /* UserListItemRow.swift in Sources */,
				3303C1802428576100C2EC7D /* AdaptsToKeyboard.swift in Sources */,
				331A3A102448B226003EFC23 /* ChatViewModel.swift in Sources */,
				33510C422434C95A00E6874E /* UserModel.swift in Sources */,
			);
			runOnlyForDeploymentPostprocessing = 0;
		};
		15AEBA50241FC8C300241E4B /* Sources */ = {
			isa = PBXSourcesBuildPhase;
			buildActionMask = 2147483647;
			files = (
				15AEBA59241FC8C300241E4B /* SolEng_iOS_DemoTests.swift in Sources */,
			);
			runOnlyForDeploymentPostprocessing = 0;
		};
		15AEBA5B241FC8C300241E4B /* Sources */ = {
			isa = PBXSourcesBuildPhase;
			buildActionMask = 2147483647;
			files = (
				15AEBA64241FC8C300241E4B /* SolEng_iOS_DemoUITests.swift in Sources */,
			);
			runOnlyForDeploymentPostprocessing = 0;
		};
/* End PBXSourcesBuildPhase section */

/* Begin PBXTargetDependency section */
		15AEBA56241FC8C300241E4B /* PBXTargetDependency */ = {
			isa = PBXTargetDependency;
			target = 15AEBA3D241FC8BF00241E4B /* SolEng_iOS_Demo */;
			targetProxy = 15AEBA55241FC8C300241E4B /* PBXContainerItemProxy */;
		};
		15AEBA61241FC8C300241E4B /* PBXTargetDependency */ = {
			isa = PBXTargetDependency;
			target = 15AEBA3D241FC8BF00241E4B /* SolEng_iOS_Demo */;
			targetProxy = 15AEBA60241FC8C300241E4B /* PBXContainerItemProxy */;
		};
/* End PBXTargetDependency section */

/* Begin PBXVariantGroup section */
		15AEBA4C241FC8C300241E4B /* LaunchScreen.storyboard */ = {
			isa = PBXVariantGroup;
			children = (
				15AEBA4D241FC8C300241E4B /* Base */,
			);
			name = LaunchScreen.storyboard;
			sourceTree = "<group>";
		};
/* End PBXVariantGroup section */

/* Begin XCBuildConfiguration section */
		15AEBA66241FC8C300241E4B /* Debug */ = {
			isa = XCBuildConfiguration;
			buildSettings = {
				ALWAYS_SEARCH_USER_PATHS = NO;
				CLANG_ANALYZER_NONNULL = YES;
				CLANG_ANALYZER_NUMBER_OBJECT_CONVERSION = YES_AGGRESSIVE;
				CLANG_CXX_LANGUAGE_STANDARD = "gnu++14";
				CLANG_CXX_LIBRARY = "libc++";
				CLANG_ENABLE_MODULES = YES;
				CLANG_ENABLE_OBJC_ARC = YES;
				CLANG_ENABLE_OBJC_WEAK = YES;
				CLANG_WARN_BLOCK_CAPTURE_AUTORELEASING = YES;
				CLANG_WARN_BOOL_CONVERSION = YES;
				CLANG_WARN_COMMA = YES;
				CLANG_WARN_CONSTANT_CONVERSION = YES;
				CLANG_WARN_DEPRECATED_OBJC_IMPLEMENTATIONS = YES;
				CLANG_WARN_DIRECT_OBJC_ISA_USAGE = YES_ERROR;
				CLANG_WARN_DOCUMENTATION_COMMENTS = YES;
				CLANG_WARN_EMPTY_BODY = YES;
				CLANG_WARN_ENUM_CONVERSION = YES;
				CLANG_WARN_INFINITE_RECURSION = YES;
				CLANG_WARN_INT_CONVERSION = YES;
				CLANG_WARN_NON_LITERAL_NULL_CONVERSION = YES;
				CLANG_WARN_OBJC_IMPLICIT_RETAIN_SELF = YES;
				CLANG_WARN_OBJC_LITERAL_CONVERSION = YES;
				CLANG_WARN_OBJC_ROOT_CLASS = YES_ERROR;
				CLANG_WARN_RANGE_LOOP_ANALYSIS = YES;
				CLANG_WARN_STRICT_PROTOTYPES = YES;
				CLANG_WARN_SUSPICIOUS_MOVE = YES;
				CLANG_WARN_UNGUARDED_AVAILABILITY = YES_AGGRESSIVE;
				CLANG_WARN_UNREACHABLE_CODE = YES;
				CLANG_WARN__DUPLICATE_METHOD_MATCH = YES;
				COPY_PHASE_STRIP = NO;
				DEBUG_INFORMATION_FORMAT = dwarf;
				ENABLE_STRICT_OBJC_MSGSEND = YES;
				ENABLE_TESTABILITY = YES;
				GCC_C_LANGUAGE_STANDARD = gnu11;
				GCC_DYNAMIC_NO_PIC = NO;
				GCC_NO_COMMON_BLOCKS = YES;
				GCC_OPTIMIZATION_LEVEL = 0;
				GCC_PREPROCESSOR_DEFINITIONS = (
					"DEBUG=1",
					"$(inherited)",
				);
				GCC_WARN_64_TO_32_BIT_CONVERSION = YES;
				GCC_WARN_ABOUT_RETURN_TYPE = YES_ERROR;
				GCC_WARN_UNDECLARED_SELECTOR = YES;
				GCC_WARN_UNINITIALIZED_AUTOS = YES_AGGRESSIVE;
				GCC_WARN_UNUSED_FUNCTION = YES;
				GCC_WARN_UNUSED_VARIABLE = YES;
				IPHONEOS_DEPLOYMENT_TARGET = 13.2;
				MTL_ENABLE_DEBUG_INFO = INCLUDE_SOURCE;
				MTL_FAST_MATH = YES;
				ONLY_ACTIVE_ARCH = YES;
				SDKROOT = iphoneos;
				SWIFT_ACTIVE_COMPILATION_CONDITIONS = DEBUG;
				SWIFT_OPTIMIZATION_LEVEL = "-Onone";
			};
			name = Debug;
		};
		15AEBA67241FC8C300241E4B /* Release */ = {
			isa = XCBuildConfiguration;
			buildSettings = {
				ALWAYS_SEARCH_USER_PATHS = NO;
				CLANG_ANALYZER_NONNULL = YES;
				CLANG_ANALYZER_NUMBER_OBJECT_CONVERSION = YES_AGGRESSIVE;
				CLANG_CXX_LANGUAGE_STANDARD = "gnu++14";
				CLANG_CXX_LIBRARY = "libc++";
				CLANG_ENABLE_MODULES = YES;
				CLANG_ENABLE_OBJC_ARC = YES;
				CLANG_ENABLE_OBJC_WEAK = YES;
				CLANG_WARN_BLOCK_CAPTURE_AUTORELEASING = YES;
				CLANG_WARN_BOOL_CONVERSION = YES;
				CLANG_WARN_COMMA = YES;
				CLANG_WARN_CONSTANT_CONVERSION = YES;
				CLANG_WARN_DEPRECATED_OBJC_IMPLEMENTATIONS = YES;
				CLANG_WARN_DIRECT_OBJC_ISA_USAGE = YES_ERROR;
				CLANG_WARN_DOCUMENTATION_COMMENTS = YES;
				CLANG_WARN_EMPTY_BODY = YES;
				CLANG_WARN_ENUM_CONVERSION = YES;
				CLANG_WARN_INFINITE_RECURSION = YES;
				CLANG_WARN_INT_CONVERSION = YES;
				CLANG_WARN_NON_LITERAL_NULL_CONVERSION = YES;
				CLANG_WARN_OBJC_IMPLICIT_RETAIN_SELF = YES;
				CLANG_WARN_OBJC_LITERAL_CONVERSION = YES;
				CLANG_WARN_OBJC_ROOT_CLASS = YES_ERROR;
				CLANG_WARN_RANGE_LOOP_ANALYSIS = YES;
				CLANG_WARN_STRICT_PROTOTYPES = YES;
				CLANG_WARN_SUSPICIOUS_MOVE = YES;
				CLANG_WARN_UNGUARDED_AVAILABILITY = YES_AGGRESSIVE;
				CLANG_WARN_UNREACHABLE_CODE = YES;
				CLANG_WARN__DUPLICATE_METHOD_MATCH = YES;
				COPY_PHASE_STRIP = NO;
				DEBUG_INFORMATION_FORMAT = "dwarf-with-dsym";
				ENABLE_NS_ASSERTIONS = NO;
				ENABLE_STRICT_OBJC_MSGSEND = YES;
				GCC_C_LANGUAGE_STANDARD = gnu11;
				GCC_NO_COMMON_BLOCKS = YES;
				GCC_WARN_64_TO_32_BIT_CONVERSION = YES;
				GCC_WARN_ABOUT_RETURN_TYPE = YES_ERROR;
				GCC_WARN_UNDECLARED_SELECTOR = YES;
				GCC_WARN_UNINITIALIZED_AUTOS = YES_AGGRESSIVE;
				GCC_WARN_UNUSED_FUNCTION = YES;
				GCC_WARN_UNUSED_VARIABLE = YES;
				IPHONEOS_DEPLOYMENT_TARGET = 13.2;
				MTL_ENABLE_DEBUG_INFO = NO;
				MTL_FAST_MATH = YES;
				SDKROOT = iphoneos;
				SWIFT_COMPILATION_MODE = wholemodule;
				SWIFT_OPTIMIZATION_LEVEL = "-O";
				VALIDATE_PRODUCT = YES;
			};
			name = Release;
		};
		15AEBA69241FC8C300241E4B /* Debug */ = {
			isa = XCBuildConfiguration;
			baseConfigurationReference = CB43092E00B60979E16A7D85 /* Pods-SolEng_iOS_Demo.debug.xcconfig */;
			buildSettings = {
				ASSETCATALOG_COMPILER_APPICON_NAME = AppIcon;
				CODE_SIGN_ENTITLEMENTS = SolEng_iOS_Demo/SolEng_iOS_Demo.entitlements;
				CODE_SIGN_IDENTITY = "Apple Development";
				CODE_SIGN_STYLE = Automatic;
				DEVELOPMENT_ASSET_PATHS = "\"SolEng_iOS_Demo/Preview Content\"";
				DEVELOPMENT_TEAM = J4C74G3BHK;
				ENABLE_PREVIEWS = YES;
				INFOPLIST_FILE = SolEng_iOS_Demo/Info.plist;
				IPHONEOS_DEPLOYMENT_TARGET = 13.0;
				LD_RUNPATH_SEARCH_PATHS = (
					"$(inherited)",
					"@executable_path/Frameworks",
				);
				PRODUCT_BUNDLE_IDENTIFIER = com.sendbird.soleng.demo.yongjun;
				PRODUCT_NAME = "$(TARGET_NAME)";
				PROVISIONING_PROFILE_SPECIFIER = "";
				SWIFT_VERSION = 5.0;
				TARGETED_DEVICE_FAMILY = "1,2";
			};
			name = Debug;
		};
		15AEBA6A241FC8C300241E4B /* Release */ = {
			isa = XCBuildConfiguration;
			baseConfigurationReference = 9438B396EC5C0B296425A550 /* Pods-SolEng_iOS_Demo.release.xcconfig */;
			buildSettings = {
				ASSETCATALOG_COMPILER_APPICON_NAME = AppIcon;
				CODE_SIGN_ENTITLEMENTS = SolEng_iOS_Demo/SolEng_iOS_Demo.entitlements;
				CODE_SIGN_IDENTITY = "Apple Development";
				CODE_SIGN_STYLE = Automatic;
				DEVELOPMENT_ASSET_PATHS = "\"SolEng_iOS_Demo/Preview Content\"";
				DEVELOPMENT_TEAM = J4C74G3BHK;
				ENABLE_PREVIEWS = YES;
				INFOPLIST_FILE = SolEng_iOS_Demo/Info.plist;
				IPHONEOS_DEPLOYMENT_TARGET = 13.0;
				LD_RUNPATH_SEARCH_PATHS = (
					"$(inherited)",
					"@executable_path/Frameworks",
				);
				PRODUCT_BUNDLE_IDENTIFIER = com.sendbird.soleng.demo.yongjun;
				PRODUCT_NAME = "$(TARGET_NAME)";
				PROVISIONING_PROFILE_SPECIFIER = "";
				SWIFT_VERSION = 5.0;
				TARGETED_DEVICE_FAMILY = "1,2";
			};
			name = Release;
		};
		15AEBA6C241FC8C300241E4B /* Debug */ = {
			isa = XCBuildConfiguration;
			baseConfigurationReference = E9AC843852388C3F2B26F3FC /* Pods-SolEng_iOS_DemoTests.debug.xcconfig */;
			buildSettings = {
				ALWAYS_EMBED_SWIFT_STANDARD_LIBRARIES = YES;
				BUNDLE_LOADER = "$(TEST_HOST)";
				CODE_SIGN_STYLE = Automatic;
				DEVELOPMENT_TEAM = 2UAG8WCL8D;
				INFOPLIST_FILE = SolEng_iOS_DemoTests/Info.plist;
				IPHONEOS_DEPLOYMENT_TARGET = 13.2;
				LD_RUNPATH_SEARCH_PATHS = (
					"$(inherited)",
					"@executable_path/Frameworks",
					"@loader_path/Frameworks",
				);
				PRODUCT_BUNDLE_IDENTIFIER = "com.sendbird.soleng.demo.SolEng-iOS-DemoTests";
				PRODUCT_NAME = "$(TARGET_NAME)";
				SWIFT_VERSION = 5.0;
				TARGETED_DEVICE_FAMILY = "1,2";
				TEST_HOST = "$(BUILT_PRODUCTS_DIR)/SolEng_iOS_Demo.app/SolEng_iOS_Demo";
			};
			name = Debug;
		};
		15AEBA6D241FC8C300241E4B /* Release */ = {
			isa = XCBuildConfiguration;
			baseConfigurationReference = E6B19F1C4C13FBC1178F320E /* Pods-SolEng_iOS_DemoTests.release.xcconfig */;
			buildSettings = {
				ALWAYS_EMBED_SWIFT_STANDARD_LIBRARIES = YES;
				BUNDLE_LOADER = "$(TEST_HOST)";
				CODE_SIGN_STYLE = Automatic;
				DEVELOPMENT_TEAM = 2UAG8WCL8D;
				INFOPLIST_FILE = SolEng_iOS_DemoTests/Info.plist;
				IPHONEOS_DEPLOYMENT_TARGET = 13.2;
				LD_RUNPATH_SEARCH_PATHS = (
					"$(inherited)",
					"@executable_path/Frameworks",
					"@loader_path/Frameworks",
				);
				PRODUCT_BUNDLE_IDENTIFIER = "com.sendbird.soleng.demo.SolEng-iOS-DemoTests";
				PRODUCT_NAME = "$(TARGET_NAME)";
				SWIFT_VERSION = 5.0;
				TARGETED_DEVICE_FAMILY = "1,2";
				TEST_HOST = "$(BUILT_PRODUCTS_DIR)/SolEng_iOS_Demo.app/SolEng_iOS_Demo";
			};
			name = Release;
		};
		15AEBA6F241FC8C300241E4B /* Debug */ = {
			isa = XCBuildConfiguration;
			baseConfigurationReference = 5318F34E6BCAC29580F8C609 /* Pods-SolEng_iOS_DemoUITests.debug.xcconfig */;
			buildSettings = {
				ALWAYS_EMBED_SWIFT_STANDARD_LIBRARIES = YES;
				CODE_SIGN_STYLE = Automatic;
				DEVELOPMENT_TEAM = 2UAG8WCL8D;
				INFOPLIST_FILE = SolEng_iOS_DemoUITests/Info.plist;
				LD_RUNPATH_SEARCH_PATHS = (
					"$(inherited)",
					"@executable_path/Frameworks",
					"@loader_path/Frameworks",
				);
				PRODUCT_BUNDLE_IDENTIFIER = "com.sendbird.soleng.demo.SolEng-iOS-DemoUITests";
				PRODUCT_NAME = "$(TARGET_NAME)";
				SWIFT_VERSION = 5.0;
				TARGETED_DEVICE_FAMILY = "1,2";
				TEST_TARGET_NAME = SolEng_iOS_Demo;
			};
			name = Debug;
		};
		15AEBA70241FC8C300241E4B /* Release */ = {
			isa = XCBuildConfiguration;
			baseConfigurationReference = 307E9B1689CF45C996A3CDAF /* Pods-SolEng_iOS_DemoUITests.release.xcconfig */;
			buildSettings = {
				ALWAYS_EMBED_SWIFT_STANDARD_LIBRARIES = YES;
				CODE_SIGN_STYLE = Automatic;
				DEVELOPMENT_TEAM = 2UAG8WCL8D;
				INFOPLIST_FILE = SolEng_iOS_DemoUITests/Info.plist;
				LD_RUNPATH_SEARCH_PATHS = (
					"$(inherited)",
					"@executable_path/Frameworks",
					"@loader_path/Frameworks",
				);
				PRODUCT_BUNDLE_IDENTIFIER = "com.sendbird.soleng.demo.SolEng-iOS-DemoUITests";
				PRODUCT_NAME = "$(TARGET_NAME)";
				SWIFT_VERSION = 5.0;
				TARGETED_DEVICE_FAMILY = "1,2";
				TEST_TARGET_NAME = SolEng_iOS_Demo;
			};
			name = Release;
		};
/* End XCBuildConfiguration section */

/* Begin XCConfigurationList section */
		15AEBA39241FC8BF00241E4B /* Build configuration list for PBXProject "SolEng_iOS_Demo" */ = {
			isa = XCConfigurationList;
			buildConfigurations = (
				15AEBA66241FC8C300241E4B /* Debug */,
				15AEBA67241FC8C300241E4B /* Release */,
			);
			defaultConfigurationIsVisible = 0;
			defaultConfigurationName = Release;
		};
		15AEBA68241FC8C300241E4B /* Build configuration list for PBXNativeTarget "SolEng_iOS_Demo" */ = {
			isa = XCConfigurationList;
			buildConfigurations = (
				15AEBA69241FC8C300241E4B /* Debug */,
				15AEBA6A241FC8C300241E4B /* Release */,
			);
			defaultConfigurationIsVisible = 0;
			defaultConfigurationName = Release;
		};
		15AEBA6B241FC8C300241E4B /* Build configuration list for PBXNativeTarget "SolEng_iOS_DemoTests" */ = {
			isa = XCConfigurationList;
			buildConfigurations = (
				15AEBA6C241FC8C300241E4B /* Debug */,
				15AEBA6D241FC8C300241E4B /* Release */,
			);
			defaultConfigurationIsVisible = 0;
			defaultConfigurationName = Release;
		};
		15AEBA6E241FC8C300241E4B /* Build configuration list for PBXNativeTarget "SolEng_iOS_DemoUITests" */ = {
			isa = XCConfigurationList;
			buildConfigurations = (
				15AEBA6F241FC8C300241E4B /* Debug */,
				15AEBA70241FC8C300241E4B /* Release */,
			);
			defaultConfigurationIsVisible = 0;
			defaultConfigurationName = Release;
		};
/* End XCConfigurationList section */
	};
	rootObject = 15AEBA36241FC8BF00241E4B /* Project object */;
}
